// !$*UTF8*$!
{
	archiveVersion = 1;
	classes = {
	};
	objectVersion = 50;
	objects = {

/* Begin PBXBuildFile section */
		41CEB4C525C46BD90078ABAC /* AppDelegate.swift in Sources */ = {isa = PBXBuildFile; fileRef = 41CEB4C425C46BD90078ABAC /* AppDelegate.swift */; };
		41CEB4C725C46BD90078ABAC /* SceneDelegate.swift in Sources */ = {isa = PBXBuildFile; fileRef = 41CEB4C625C46BD90078ABAC /* SceneDelegate.swift */; };
		41CEB4C925C46BD90078ABAC /* ViewController.swift in Sources */ = {isa = PBXBuildFile; fileRef = 41CEB4C825C46BD90078ABAC /* ViewController.swift */; };
		41CEB4CC25C46BD90078ABAC /* Main.storyboard in Resources */ = {isa = PBXBuildFile; fileRef = 41CEB4CA25C46BD90078ABAC /* Main.storyboard */; };
		41CEB4CE25C46BDC0078ABAC /* Assets.xcassets in Resources */ = {isa = PBXBuildFile; fileRef = 41CEB4CD25C46BDC0078ABAC /* Assets.xcassets */; };
		41CEB4D125C46BDC0078ABAC /* LaunchScreen.storyboard in Resources */ = {isa = PBXBuildFile; fileRef = 41CEB4CF25C46BDC0078ABAC /* LaunchScreen.storyboard */; };
		41CEB4DC25C46BDC0078ABAC /* TipCalculatorTests.swift in Sources */ = {isa = PBXBuildFile; fileRef = 41CEB4DB25C46BDC0078ABAC /* TipCalculatorTests.swift */; };
		41CEB4E725C46BDC0078ABAC /* TipCalculatorUITests.swift in Sources */ = {isa = PBXBuildFile; fileRef = 41CEB4E625C46BDC0078ABAC /* TipCalculatorUITests.swift */; };
/* End PBXBuildFile section */

/* Begin PBXContainerItemProxy section */
		41CEB4D825C46BDC0078ABAC /* PBXContainerItemProxy */ = {
			isa = PBXContainerItemProxy;
			containerPortal = 41CEB4B925C46BD90078ABAC /* Project object */;
			proxyType = 1;
			remoteGlobalIDString = 41CEB4C025C46BD90078ABAC;
			remoteInfo = TipCalculator;
		};
		41CEB4E325C46BDC0078ABAC /* PBXContainerItemProxy */ = {
			isa = PBXContainerItemProxy;
			containerPortal = 41CEB4B925C46BD90078ABAC /* Project object */;
			proxyType = 1;
			remoteGlobalIDString = 41CEB4C025C46BD90078ABAC;
			remoteInfo = TipCalculator;
		};
/* End PBXContainerItemProxy section */

/* Begin PBXFileReference section */
		41CEB4C125C46BD90078ABAC /* TipCalculator.app */ = {isa = PBXFileReference; explicitFileType = wrapper.application; includeInIndex = 0; path = TipCalculator.app; sourceTree = BUILT_PRODUCTS_DIR; };
		41CEB4C425C46BD90078ABAC /* AppDelegate.swift */ = {isa = PBXFileReference; lastKnownFileType = sourcecode.swift; path = AppDelegate.swift; sourceTree = "<group>"; };
		41CEB4C625C46BD90078ABAC /* SceneDelegate.swift */ = {isa = PBXFileReference; lastKnownFileType = sourcecode.swift; path = SceneDelegate.swift; sourceTree = "<group>"; };
		41CEB4C825C46BD90078ABAC /* ViewController.swift */ = {isa = PBXFileReference; lastKnownFileType = sourcecode.swift; path = ViewController.swift; sourceTree = "<group>"; };
		41CEB4CB25C46BD90078ABAC /* Base */ = {isa = PBXFileReference; lastKnownFileType = file.storyboard; name = Base; path = Base.lproj/Main.storyboard; sourceTree = "<group>"; };
		41CEB4CD25C46BDC0078ABAC /* Assets.xcassets */ = {isa = PBXFileReference; lastKnownFileType = folder.assetcatalog; path = Assets.xcassets; sourceTree = "<group>"; };
		41CEB4D025C46BDC0078ABAC /* Base */ = {isa = PBXFileReference; lastKnownFileType = file.storyboard; name = Base; path = Base.lproj/LaunchScreen.storyboard; sourceTree = "<group>"; };
		41CEB4D225C46BDC0078ABAC /* Info.plist */ = {isa = PBXFileReference; lastKnownFileType = text.plist.xml; path = Info.plist; sourceTree = "<group>"; };
		41CEB4D725C46BDC0078ABAC /* TipCalculatorTests.xctest */ = {isa = PBXFileReference; explicitFileType = wrapper.cfbundle; includeInIndex = 0; path = TipCalculatorTests.xctest; sourceTree = BUILT_PRODUCTS_DIR; };
		41CEB4DB25C46BDC0078ABAC /* TipCalculatorTests.swift */ = {isa = PBXFileReference; lastKnownFileType = sourcecode.swift; path = TipCalculatorTests.swift; sourceTree = "<group>"; };
		41CEB4DD25C46BDC0078ABAC /* Info.plist */ = {isa = PBXFileReference; lastKnownFileType = text.plist.xml; path = Info.plist; sourceTree = "<group>"; };
		41CEB4E225C46BDC0078ABAC /* TipCalculatorUITests.xctest */ = {isa = PBXFileReference; explicitFileType = wrapper.cfbundle; includeInIndex = 0; path = TipCalculatorUITests.xctest; sourceTree = BUILT_PRODUCTS_DIR; };
		41CEB4E625C46BDC0078ABAC /* TipCalculatorUITests.swift */ = {isa = PBXFileReference; lastKnownFileType = sourcecode.swift; path = TipCalculatorUITests.swift; sourceTree = "<group>"; };
		41CEB4E825C46BDC0078ABAC /* Info.plist */ = {isa = PBXFileReference; lastKnownFileType = text.plist.xml; path = Info.plist; sourceTree = "<group>"; };
/* End PBXFileReference section */

/* Begin PBXFrameworksBuildPhase section */
		41CEB4BE25C46BD90078ABAC /* Frameworks */ = {
			isa = PBXFrameworksBuildPhase;
			buildActionMask = 2147483647;
			files = (
			);
			runOnlyForDeploymentPostprocessing = 0;
		};
		41CEB4D425C46BDC0078ABAC /* Frameworks */ = {
			isa = PBXFrameworksBuildPhase;
			buildActionMask = 2147483647;
			files = (
			);
			runOnlyForDeploymentPostprocessing = 0;
		};
		41CEB4DF25C46BDC0078ABAC /* Frameworks */ = {
			isa = PBXFrameworksBuildPhase;
			buildActionMask = 2147483647;
			files = (
			);
			runOnlyForDeploymentPostprocessing = 0;
		};
/* End PBXFrameworksBuildPhase section */

/* Begin PBXGroup section */
		41CEB4B825C46BD90078ABAC = {
			isa = PBXGroup;
			children = (
				41CEB4C325C46BD90078ABAC /* TipCalculator */,
				41CEB4DA25C46BDC0078ABAC /* TipCalculatorTests */,
				41CEB4E525C46BDC0078ABAC /* TipCalculatorUITests */,
				41CEB4C225C46BD90078ABAC /* Products */,
			);
			sourceTree = "<group>";
		};
		41CEB4C225C46BD90078ABAC /* Products */ = {
			isa = PBXGroup;
			children = (
				41CEB4C125C46BD90078ABAC /* TipCalculator.app */,
				41CEB4D725C46BDC0078ABAC /* TipCalculatorTests.xctest */,
				41CEB4E225C46BDC0078ABAC /* TipCalculatorUITests.xctest */,
			);
			name = Products;
			sourceTree = "<group>";
		};
		41CEB4C325C46BD90078ABAC /* TipCalculator */ = {
			isa = PBXGroup;
			children = (
				41CEB4C425C46BD90078ABAC /* AppDelegate.swift */,
				41CEB4C625C46BD90078ABAC /* SceneDelegate.swift */,
				41CEB4C825C46BD90078ABAC /* ViewController.swift */,
				41CEB4CA25C46BD90078ABAC /* Main.storyboard */,
				41CEB4CD25C46BDC0078ABAC /* Assets.xcassets */,
				41CEB4CF25C46BDC0078ABAC /* LaunchScreen.storyboard */,
				41CEB4D225C46BDC0078ABAC /* Info.plist */,
			);
			path = TipCalculator;
			sourceTree = "<group>";
		};
		41CEB4DA25C46BDC0078ABAC /* TipCalculatorTests */ = {
			isa = PBXGroup;
			children = (
				41CEB4DB25C46BDC0078ABAC /* TipCalculatorTests.swift */,
				41CEB4DD25C46BDC0078ABAC /* Info.plist */,
			);
			path = TipCalculatorTests;
			sourceTree = "<group>";
		};
		41CEB4E525C46BDC0078ABAC /* TipCalculatorUITests */ = {
			isa = PBXGroup;
			children = (
				41CEB4E625C46BDC0078ABAC /* TipCalculatorUITests.swift */,
				41CEB4E825C46BDC0078ABAC /* Info.plist */,
			);
			path = TipCalculatorUITests;
			sourceTree = "<group>";
		};
/* End PBXGroup section */

/* Begin PBXNativeTarget section */
		41CEB4C025C46BD90078ABAC /* TipCalculator */ = {
			isa = PBXNativeTarget;
			buildConfigurationList = 41CEB4EB25C46BDC0078ABAC /* Build configuration list for PBXNativeTarget "TipCalculator" */;
			buildPhases = (
				41CEB4BD25C46BD90078ABAC /* Sources */,
				41CEB4BE25C46BD90078ABAC /* Frameworks */,
				41CEB4BF25C46BD90078ABAC /* Resources */,
			);
			buildRules = (
			);
			dependencies = (
			);
			name = TipCalculator;
			productName = TipCalculator;
			productReference = 41CEB4C125C46BD90078ABAC /* TipCalculator.app */;
			productType = "com.apple.product-type.application";
		};
		41CEB4D625C46BDC0078ABAC /* TipCalculatorTests */ = {
			isa = PBXNativeTarget;
			buildConfigurationList = 41CEB4EE25C46BDC0078ABAC /* Build configuration list for PBXNativeTarget "TipCalculatorTests" */;
			buildPhases = (
				41CEB4D325C46BDC0078ABAC /* Sources */,
				41CEB4D425C46BDC0078ABAC /* Frameworks */,
				41CEB4D525C46BDC0078ABAC /* Resources */,
			);
			buildRules = (
			);
			dependencies = (
				41CEB4D925C46BDC0078ABAC /* PBXTargetDependency */,
			);
			name = TipCalculatorTests;
			productName = TipCalculatorTests;
			productReference = 41CEB4D725C46BDC0078ABAC /* TipCalculatorTests.xctest */;
			productType = "com.apple.product-type.bundle.unit-test";
		};
		41CEB4E125C46BDC0078ABAC /* TipCalculatorUITests */ = {
			isa = PBXNativeTarget;
			buildConfigurationList = 41CEB4F125C46BDC0078ABAC /* Build configuration list for PBXNativeTarget "TipCalculatorUITests" */;
			buildPhases = (
				41CEB4DE25C46BDC0078ABAC /* Sources */,
				41CEB4DF25C46BDC0078ABAC /* Frameworks */,
				41CEB4E025C46BDC0078ABAC /* Resources */,
			);
			buildRules = (
			);
			dependencies = (
				41CEB4E425C46BDC0078ABAC /* PBXTargetDependency */,
			);
			name = TipCalculatorUITests;
			productName = TipCalculatorUITests;
			productReference = 41CEB4E225C46BDC0078ABAC /* TipCalculatorUITests.xctest */;
			productType = "com.apple.product-type.bundle.ui-testing";
		};
/* End PBXNativeTarget section */

/* Begin PBXProject section */
		41CEB4B925C46BD90078ABAC /* Project object */ = {
			isa = PBXProject;
			attributes = {
				LastSwiftUpdateCheck = 1240;
				LastUpgradeCheck = 1240;
				TargetAttributes = {
					41CEB4C025C46BD90078ABAC = {
						CreatedOnToolsVersion = 12.4;
					};
					41CEB4D625C46BDC0078ABAC = {
						CreatedOnToolsVersion = 12.4;
						TestTargetID = 41CEB4C025C46BD90078ABAC;
					};
					41CEB4E125C46BDC0078ABAC = {
						CreatedOnToolsVersion = 12.4;
						TestTargetID = 41CEB4C025C46BD90078ABAC;
					};
				};
			};
			buildConfigurationList = 41CEB4BC25C46BD90078ABAC /* Build configuration list for PBXProject "TipCalculator" */;
			compatibilityVersion = "Xcode 9.3";
			developmentRegion = en;
			hasScannedForEncodings = 0;
			knownRegions = (
				en,
				Base,
			);
			mainGroup = 41CEB4B825C46BD90078ABAC;
			productRefGroup = 41CEB4C225C46BD90078ABAC /* Products */;
			projectDirPath = "";
			projectRoot = "";
			targets = (
				41CEB4C025C46BD90078ABAC /* TipCalculator */,
				41CEB4D625C46BDC0078ABAC /* TipCalculatorTests */,
				41CEB4E125C46BDC0078ABAC /* TipCalculatorUITests */,
			);
		};
/* End PBXProject section */

/* Begin PBXResourcesBuildPhase section */
		41CEB4BF25C46BD90078ABAC /* Resources */ = {
			isa = PBXResourcesBuildPhase;
			buildActionMask = 2147483647;
			files = (
				41CEB4D125C46BDC0078ABAC /* LaunchScreen.storyboard in Resources */,
				41CEB4CE25C46BDC0078ABAC /* Assets.xcassets in Resources */,
				41CEB4CC25C46BD90078ABAC /* Main.storyboard in Resources */,
			);
			runOnlyForDeploymentPostprocessing = 0;
		};
		41CEB4D525C46BDC0078ABAC /* Resources */ = {
			isa = PBXResourcesBuildPhase;
			buildActionMask = 2147483647;
			files = (
			);
			runOnlyForDeploymentPostprocessing = 0;
		};
		41CEB4E025C46BDC0078ABAC /* Resources */ = {
			isa = PBXResourcesBuildPhase;
			buildActionMask = 2147483647;
			files = (
			);
			runOnlyForDeploymentPostprocessing = 0;
		};
/* End PBXResourcesBuildPhase section */

/* Begin PBXSourcesBuildPhase section */
		41CEB4BD25C46BD90078ABAC /* Sources */ = {
			isa = PBXSourcesBuildPhase;
			buildActionMask = 2147483647;
			files = (
				41CEB4C925C46BD90078ABAC /* ViewController.swift in Sources */,
				41CEB4C525C46BD90078ABAC /* AppDelegate.swift in Sources */,
				41CEB4C725C46BD90078ABAC /* SceneDelegate.swift in Sources */,
			);
			runOnlyForDeploymentPostprocessing = 0;
		};
		41CEB4D325C46BDC0078ABAC /* Sources */ = {
			isa = PBXSourcesBuildPhase;
			buildActionMask = 2147483647;
			files = (
				41CEB4DC25C46BDC0078ABAC /* TipCalculatorTests.swift in Sources */,
			);
			runOnlyForDeploymentPostprocessing = 0;
		};
		41CEB4DE25C46BDC0078ABAC /* Sources */ = {
			isa = PBXSourcesBuildPhase;
			buildActionMask = 2147483647;
			files = (
				41CEB4E725C46BDC0078ABAC /* TipCalculatorUITests.swift in Sources */,
			);
			runOnlyForDeploymentPostprocessing = 0;
		};
/* End PBXSourcesBuildPhase section */

/* Begin PBXTargetDependency section */
		41CEB4D925C46BDC0078ABAC /* PBXTargetDependency */ = {
			isa = PBXTargetDependency;
			target = 41CEB4C025C46BD90078ABAC /* TipCalculator */;
			targetProxy = 41CEB4D825C46BDC0078ABAC /* PBXContainerItemProxy */;
		};
		41CEB4E425C46BDC0078ABAC /* PBXTargetDependency */ = {
			isa = PBXTargetDependency;
			target = 41CEB4C025C46BD90078ABAC /* TipCalculator */;
			targetProxy = 41CEB4E325C46BDC0078ABAC /* PBXContainerItemProxy */;
		};
/* End PBXTargetDependency section */

/* Begin PBXVariantGroup section */
		41CEB4CA25C46BD90078ABAC /* Main.storyboard */ = {
			isa = PBXVariantGroup;
			children = (
				41CEB4CB25C46BD90078ABAC /* Base */,
			);
			name = Main.storyboard;
			sourceTree = "<group>";
		};
		41CEB4CF25C46BDC0078ABAC /* LaunchScreen.storyboard */ = {
			isa = PBXVariantGroup;
			children = (
				41CEB4D025C46BDC0078ABAC /* Base */,
			);
			name = LaunchScreen.storyboard;
			sourceTree = "<group>";
		};
/* End PBXVariantGroup section */

/* Begin XCBuildConfiguration section */
		41CEB4E925C46BDC0078ABAC /* Debug */ = {
			isa = XCBuildConfiguration;
			buildSettings = {
				ALWAYS_SEARCH_USER_PATHS = NO;
				CLANG_ANALYZER_NONNULL = YES;
				CLANG_ANALYZER_NUMBER_OBJECT_CONVERSION = YES_AGGRESSIVE;
				CLANG_CXX_LANGUAGE_STANDARD = "gnu++14";
				CLANG_CXX_LIBRARY = "libc++";
				CLANG_ENABLE_MODULES = YES;
				CLANG_ENABLE_OBJC_ARC = YES;
				CLANG_ENABLE_OBJC_WEAK = YES;
				CLANG_WARN_BLOCK_CAPTURE_AUTORELEASING = YES;
				CLANG_WARN_BOOL_CONVERSION = YES;
				CLANG_WARN_COMMA = YES;
				CLANG_WARN_CONSTANT_CONVERSION = YES;
				CLANG_WARN_DEPRECATED_OBJC_IMPLEMENTATIONS = YES;
				CLANG_WARN_DIRECT_OBJC_ISA_USAGE = YES_ERROR;
				CLANG_WARN_DOCUMENTATION_COMMENTS = YES;
				CLANG_WARN_EMPTY_BODY = YES;
				CLANG_WARN_ENUM_CONVERSION = YES;
				CLANG_WARN_INFINITE_RECURSION = YES;
				CLANG_WARN_INT_CONVERSION = YES;
				CLANG_WARN_NON_LITERAL_NULL_CONVERSION = YES;
				CLANG_WARN_OBJC_IMPLICIT_RETAIN_SELF = YES;
				CLANG_WARN_OBJC_LITERAL_CONVERSION = YES;
				CLANG_WARN_OBJC_ROOT_CLASS = YES_ERROR;
				CLANG_WARN_QUOTED_INCLUDE_IN_FRAMEWORK_HEADER = YES;
				CLANG_WARN_RANGE_LOOP_ANALYSIS = YES;
				CLANG_WARN_STRICT_PROTOTYPES = YES;
				CLANG_WARN_SUSPICIOUS_MOVE = YES;
				CLANG_WARN_UNGUARDED_AVAILABILITY = YES_AGGRESSIVE;
				CLANG_WARN_UNREACHABLE_CODE = YES;
				CLANG_WARN__DUPLICATE_METHOD_MATCH = YES;
				COPY_PHASE_STRIP = NO;
				DEBUG_INFORMATION_FORMAT = dwarf;
				ENABLE_STRICT_OBJC_MSGSEND = YES;
				ENABLE_TESTABILITY = YES;
				GCC_C_LANGUAGE_STANDARD = gnu11;
				GCC_DYNAMIC_NO_PIC = NO;
				GCC_NO_COMMON_BLOCKS = YES;
				GCC_OPTIMIZATION_LEVEL = 0;
				GCC_PREPROCESSOR_DEFINITIONS = (
					"DEBUG=1",
					"$(inherited)",
				);
				GCC_WARN_64_TO_32_BIT_CONVERSION = YES;
				GCC_WARN_ABOUT_RETURN_TYPE = YES_ERROR;
				GCC_WARN_UNDECLARED_SELECTOR = YES;
				GCC_WARN_UNINITIALIZED_AUTOS = YES_AGGRESSIVE;
				GCC_WARN_UNUSED_FUNCTION = YES;
				GCC_WARN_UNUSED_VARIABLE = YES;
				IPHONEOS_DEPLOYMENT_TARGET = 14.4;
				MTL_ENABLE_DEBUG_INFO = INCLUDE_SOURCE;
				MTL_FAST_MATH = YES;
				ONLY_ACTIVE_ARCH = YES;
				SDKROOT = iphoneos;
				SWIFT_ACTIVE_COMPILATION_CONDITIONS = DEBUG;
				SWIFT_OPTIMIZATION_LEVEL = "-Onone";
			};
			name = Debug;
		};
		41CEB4EA25C46BDC0078ABAC /* Release */ = {
			isa = XCBuildConfiguration;
			buildSettings = {
				ALWAYS_SEARCH_USER_PATHS = NO;
				CLANG_ANALYZER_NONNULL = YES;
				CLANG_ANALYZER_NUMBER_OBJECT_CONVERSION = YES_AGGRESSIVE;
				CLANG_CXX_LANGUAGE_STANDARD = "gnu++14";
				CLANG_CXX_LIBRARY = "libc++";
				CLANG_ENABLE_MODULES = YES;
				CLANG_ENABLE_OBJC_ARC = YES;
				CLANG_ENABLE_OBJC_WEAK = YES;
				CLANG_WARN_BLOCK_CAPTURE_AUTORELEASING = YES;
				CLANG_WARN_BOOL_CONVERSION = YES;
				CLANG_WARN_COMMA = YES;
				CLANG_WARN_CONSTANT_CONVERSION = YES;
				CLANG_WARN_DEPRECATED_OBJC_IMPLEMENTATIONS = YES;
				CLANG_WARN_DIRECT_OBJC_ISA_USAGE = YES_ERROR;
				CLANG_WARN_DOCUMENTATION_COMMENTS = YES;
				CLANG_WARN_EMPTY_BODY = YES;
				CLANG_WARN_ENUM_CONVERSION = YES;
				CLANG_WARN_INFINITE_RECURSION = YES;
				CLANG_WARN_INT_CONVERSION = YES;
				CLANG_WARN_NON_LITERAL_NULL_CONVERSION = YES;
				CLANG_WARN_OBJC_IMPLICIT_RETAIN_SELF = YES;
				CLANG_WARN_OBJC_LITERAL_CONVERSION = YES;
				CLANG_WARN_OBJC_ROOT_CLASS = YES_ERROR;
				CLANG_WARN_QUOTED_INCLUDE_IN_FRAMEWORK_HEADER = YES;
				CLANG_WARN_RANGE_LOOP_ANALYSIS = YES;
				CLANG_WARN_STRICT_PROTOTYPES = YES;
				CLANG_WARN_SUSPICIOUS_MOVE = YES;
				CLANG_WARN_UNGUARDED_AVAILABILITY = YES_AGGRESSIVE;
				CLANG_WARN_UNREACHABLE_CODE = YES;
				CLANG_WARN__DUPLICATE_METHOD_MATCH = YES;
				COPY_PHASE_STRIP = NO;
				DEBUG_INFORMATION_FORMAT = "dwarf-with-dsym";
				ENABLE_NS_ASSERTIONS = NO;
				ENABLE_STRICT_OBJC_MSGSEND = YES;
				GCC_C_LANGUAGE_STANDARD = gnu11;
				GCC_NO_COMMON_BLOCKS = YES;
				GCC_WARN_64_TO_32_BIT_CONVERSION = YES;
				GCC_WARN_ABOUT_RETURN_TYPE = YES_ERROR;
				GCC_WARN_UNDECLARED_SELECTOR = YES;
				GCC_WARN_UNINITIALIZED_AUTOS = YES_AGGRESSIVE;
				GCC_WARN_UNUSED_FUNCTION = YES;
				GCC_WARN_UNUSED_VARIABLE = YES;
				IPHONEOS_DEPLOYMENT_TARGET = 14.4;
				MTL_ENABLE_DEBUG_INFO = NO;
				MTL_FAST_MATH = YES;
				SDKROOT = iphoneos;
				SWIFT_COMPILATION_MODE = wholemodule;
				SWIFT_OPTIMIZATION_LEVEL = "-O";
				VALIDATE_PRODUCT = YES;
			};
			name = Release;
		};
		41CEB4EC25C46BDC0078ABAC /* Debug */ = {
			isa = XCBuildConfiguration;
			buildSettings = {
				ASSETCATALOG_COMPILER_APPICON_NAME = AppIcon;
				ASSETCATALOG_COMPILER_GLOBAL_ACCENT_COLOR_NAME = AccentColor;
				CODE_SIGN_STYLE = Automatic;
				INFOPLIST_FILE = TipCalculator/Info.plist;
				LD_RUNPATH_SEARCH_PATHS = (
					"$(inherited)",
					"@executable_path/Frameworks",
				);
				PRODUCT_BUNDLE_IDENTIFIER = com.ErtugrulEryildiz.TipCalculator;
				PRODUCT_NAME = "$(TARGET_NAME)";
				SWIFT_VERSION = 5.0;
				TARGETED_DEVICE_FAMILY = "1,2";
			};
			name = Debug;
		};
		41CEB4ED25C46BDC0078ABAC /* Release */ = {
			isa = XCBuildConfiguration;
			buildSettings = {
				ASSETCATALOG_COMPILER_APPICON_NAME = AppIcon;
				ASSETCATALOG_COMPILER_GLOBAL_ACCENT_COLOR_NAME = AccentColor;
				CODE_SIGN_STYLE = Automatic;
				INFOPLIST_FILE = TipCalculator/Info.plist;
				LD_RUNPATH_SEARCH_PATHS = (
					"$(inherited)",
					"@executable_path/Frameworks",
				);
				PRODUCT_BUNDLE_IDENTIFIER = com.ErtugrulEryildiz.TipCalculator;
				PRODUCT_NAME = "$(TARGET_NAME)";
				SWIFT_VERSION = 5.0;
				TARGETED_DEVICE_FAMILY = "1,2";
			};
			name = Release;
		};
		41CEB4EF25C46BDC0078ABAC /* Debug */ = {
			isa = XCBuildConfiguration;
			buildSettings = {
				ALWAYS_EMBED_SWIFT_STANDARD_LIBRARIES = YES;
				BUNDLE_LOADER = "$(TEST_HOST)";
				CODE_SIGN_STYLE = Automatic;
				INFOPLIST_FILE = TipCalculatorTests/Info.plist;
				IPHONEOS_DEPLOYMENT_TARGET = 14.4;
				LD_RUNPATH_SEARCH_PATHS = (
					"$(inherited)",
					"@executable_path/Frameworks",
					"@loader_path/Frameworks",
				);
				PRODUCT_BUNDLE_IDENTIFIER = com.ErtugrulEryildiz.TipCalculatorTests;
				PRODUCT_NAME = "$(TARGET_NAME)";
				SWIFT_VERSION = 5.0;
				TARGETED_DEVICE_FAMILY = "1,2";
				TEST_HOST = "$(BUILT_PRODUCTS_DIR)/TipCalculator.app/TipCalculator";
			};
			name = Debug;
		};
		41CEB4F025C46BDC0078ABAC /* Release */ = {
			isa = XCBuildConfiguration;
			buildSettings = {
				ALWAYS_EMBED_SWIFT_STANDARD_LIBRARIES = YES;
				BUNDLE_LOADER = "$(TEST_HOST)";
				CODE_SIGN_STYLE = Automatic;
				INFOPLIST_FILE = TipCalculatorTests/Info.plist;
				IPHONEOS_DEPLOYMENT_TARGET = 14.4;
				LD_RUNPATH_SEARCH_PATHS = (
					"$(inherited)",
					"@executable_path/Frameworks",
					"@loader_path/Frameworks",
				);
				PRODUCT_BUNDLE_IDENTIFIER = com.ErtugrulEryildiz.TipCalculatorTests;
				PRODUCT_NAME = "$(TARGET_NAME)";
				SWIFT_VERSION = 5.0;
				TARGETED_DEVICE_FAMILY = "1,2";
				TEST_HOST = "$(BUILT_PRODUCTS_DIR)/TipCalculator.app/TipCalculator";
			};
			name = Release;
		};
		41CEB4F225C46BDC0078ABAC /* Debug */ = {
			isa = XCBuildConfiguration;
			buildSettings = {
				ALWAYS_EMBED_SWIFT_STANDARD_LIBRARIES = YES;
				CODE_SIGN_STYLE = Automatic;
				INFOPLIST_FILE = TipCalculatorUITests/Info.plist;
				LD_RUNPATH_SEARCH_PATHS = (
					"$(inherited)",
					"@executable_path/Frameworks",
					"@loader_path/Frameworks",
				);
				PRODUCT_BUNDLE_IDENTIFIER = com.ErtugrulEryildiz.TipCalculatorUITests;
				PRODUCT_NAME = "$(TARGET_NAME)";
				SWIFT_VERSION = 5.0;
				TARGETED_DEVICE_FAMILY = "1,2";
				TEST_TARGET_NAME = TipCalculator;
			};
			name = Debug;
		};
		41CEB4F325C46BDC0078ABAC /* Release */ = {
			isa = XCBuildConfiguration;
			buildSettings = {
				ALWAYS_EMBED_SWIFT_STANDARD_LIBRARIES = YES;
				CODE_SIGN_STYLE = Automatic;
				INFOPLIST_FILE = TipCalculatorUITests/Info.plist;
				LD_RUNPATH_SEARCH_PATHS = (
					"$(inherited)",
					"@executable_path/Frameworks",
					"@loader_path/Frameworks",
				);
				PRODUCT_BUNDLE_IDENTIFIER = com.ErtugrulEryildiz.TipCalculatorUITests;
				PRODUCT_NAME = "$(TARGET_NAME)";
				SWIFT_VERSION = 5.0;
				TARGETED_DEVICE_FAMILY = "1,2";
				TEST_TARGET_NAME = TipCalculator;
			};
			name = Release;
		};
/* End XCBuildConfiguration section */

/* Begin XCConfigurationList section */
		41CEB4BC25C46BD90078ABAC /* Build configuration list for PBXProject "TipCalculator" */ = {
			isa = XCConfigurationList;
			buildConfigurations = (
				41CEB4E925C46BDC0078ABAC /* Debug */,
				41CEB4EA25C46BDC0078ABAC /* Release */,
			);
			defaultConfigurationIsVisible = 0;
			defaultConfigurationName = Release;
		};
		41CEB4EB25C46BDC0078ABAC /* Build configuration list for PBXNativeTarget "TipCalculator" */ = {
			isa = XCConfigurationList;
			buildConfigurations = (
				41CEB4EC25C46BDC0078ABAC /* Debug */,
				41CEB4ED25C46BDC0078ABAC /* Release */,
			);
			defaultConfigurationIsVisible = 0;
			defaultConfigurationName = Release;
		};
		41CEB4EE25C46BDC0078ABAC /* Build configuration list for PBXNativeTarget "TipCalculatorTests" */ = {
			isa = XCConfigurationList;
			buildConfigurations = (
				41CEB4EF25C46BDC0078ABAC /* Debug */,
				41CEB4F025C46BDC0078ABAC /* Release */,
			);
			defaultConfigurationIsVisible = 0;
			defaultConfigurationName = Release;
		};
		41CEB4F125C46BDC0078ABAC /* Build configuration list for PBXNativeTarget "TipCalculatorUITests" */ = {
			isa = XCConfigurationList;
			buildConfigurations = (
				41CEB4F225C46BDC0078ABAC /* Debug */,
				41CEB4F325C46BDC0078ABAC /* Release */,
			);
			defaultConfigurationIsVisible = 0;
			defaultConfigurationName = Release;
		};
/* End XCConfigurationList section */
	};
	rootObject = 41CEB4B925C46BD90078ABAC /* Project object */;
}
